
Microsoft Visual Studio Solution File, Format Version 12.00
# Visual Studio Version 17
VisualStudioVersion = 17.14.35906.104
MinimumVisualStudioVersion = 10.0.40219.1
Project("{FAE04EC0-301F-11D3-BF4B-00C04F79EFBC}") = "InventoryMangmentsystem", "InventoryMangmentsystem\InventoryMangmentsystem.csproj", "{70F5560F-7600-4C60-AF45-C2771B787695}"
EndProject
Project("{2150E333-8FDC-42A3-9474-1A3956D46DE8}") = "Solution Items", "Solution Items", "{049637F8-D712-49E3-ABBF-9A35914E2593}"
	ProjectSection(SolutionItems) = preProject
		SQLQuery1.sql = SQLQuery1.sql
		SQLQuery2.sql = SQLQuery2.sql
	EndProjectSection
EndProject
Global
	GlobalSection(SolutionConfigurationPlatforms) = preSolution
		Debug|Any CPU = Debug|Any CPU
		Release|Any CPU = Release|Any CPU
	EndGlobalSection
	GlobalSection(ProjectConfigurationPlatforms) = postSolution
		{70F5560F-7600-4C60-AF45-C2771B787695}.Debug|Any CPU.ActiveCfg = Debug|Any CPU
		{70F5560F-7600-4C60-AF45-C2771B787695}.Debug|Any CPU.Build.0 = Debug|Any CPU
		{70F5560F-7600-4C60-AF45-C2771B787695}.Release|Any CPU.ActiveCfg = Release|Any CPU
		{70F5560F-7600-4C60-AF45-C2771B787695}.Release|Any CPU.Build.0 = Release|Any CPU
	EndGlobalSection
	GlobalSection(SolutionProperties) = preSolution
		HideSolutionNode = FALSE
	EndGlobalSection
	GlobalSection(ExtensibilityGlobals) = postSolution
		SolutionGuid = {31B1FC40-3172-4B71-B2FC-6297158CD217}
	EndGlobalSection
EndGlobal
